
Microsoft Visual Studio Solution File, Format Version 12.00
# Visual Studio Version 17
VisualStudioVersion = 17.11.35327.3
MinimumVisualStudioVersion = 10.0.40219.1
Project("{FAE04EC0-301F-11D3-BF4B-00C04F79EFBC}") = "MMCalculator", "MMCalculator.csproj", "{07B84AD2-7B78-4A0D-BA83-3C14F3CC672B}"
EndProject
Global
	GlobalSection(SolutionConfigurationPlatforms) = preSolution
		Debug|Any CPU = Debug|Any CPU
		Release|Any CPU = Release|Any CPU
	EndGlobalSection
	GlobalSection(ProjectConfigurationPlatforms) = postSolution
		{07B84AD2-7B78-4A0D-BA83-3C14F3CC672B}.Debug|Any CPU.ActiveCfg = Debug|Any CPU
		{07B84AD2-7B78-4A0D-BA83-3C14F3CC672B}.Debug|Any CPU.Build.0 = Debug|Any CPU
		{07B84AD2-7B78-4A0D-BA83-3C14F3CC672B}.Release|Any CPU.ActiveCfg = Release|Any CPU
		{07B84AD2-7B78-4A0D-BA83-3C14F3CC672B}.Release|Any CPU.Build.0 = Release|Any CPU
	EndGlobalSection
	GlobalSection(SolutionProperties) = preSolution
		HideSolutionNode = FALSE
	EndGlobalSection
	GlobalSection(ExtensibilityGlobals) = postSolution
		SolutionGuid = {C07B562F-56F6-4C51-A7F7-DFDB33D4514B}
	EndGlobalSection
EndGlobal
